
Microsoft Visual Studio Solution File, Format Version 12.00
# Visual Studio Version 17
VisualStudioVersion = 17.0.31903.59
MinimumVisualStudioVersion = 10.0.40219.1
Project("{FAE04EC0-301F-11D3-BF4B-00C04F79EFBC}") = "Henry.AI.Core.Domain", "Henry.AI.Core.Domain\Henry.AI.Core.Domain.csproj", "{BDAB8AA6-20BB-4658-9682-A65D6A5DB293}"
EndProject
Project("{FAE04EC0-301F-11D3-BF4B-00C04F79EFBC}") = "Henry.AI.Core.Host", "Henry.AI.Core.Host\Henry.AI.Core.Host.csproj", "{5009A87B-F88A-485D-81A2-F477CC891FB7}"
EndProject
Project("{FAE04EC0-301F-11D3-BF4B-00C04F79EFBC}") = "Henry.AI.Core.Infrastructure", "Henry.AI.Core.Infrastructure\Henry.AI.Core.Infrastructure.csproj", "{7D323543-5E7B-4DF8-A1F4-E9794CDA3B47}"
EndProject
Project("{FAE04EC0-301F-11D3-BF4B-00C04F79EFBC}") = "Henry.AI.Core.ExternalDependencies", "Henry.AI.Core.ExternalDependencies\Henry.AI.Core.ExternalDependencies.csproj", "{1F3043C2-1D17-42E6-BB6B-6D4F2EE93892}"
EndProject
Global
	GlobalSection(SolutionConfigurationPlatforms) = preSolution
		Debug|Any CPU = Debug|Any CPU
		Release|Any CPU = Release|Any CPU
	EndGlobalSection
	GlobalSection(SolutionProperties) = preSolution
		HideSolutionNode = FALSE
	EndGlobalSection
	GlobalSection(ProjectConfigurationPlatforms) = postSolution
		{BDAB8AA6-20BB-4658-9682-A65D6A5DB293}.Debug|Any CPU.ActiveCfg = Debug|Any CPU
		{BDAB8AA6-20BB-4658-9682-A65D6A5DB293}.Debug|Any CPU.Build.0 = Debug|Any CPU
		{BDAB8AA6-20BB-4658-9682-A65D6A5DB293}.Release|Any CPU.ActiveCfg = Release|Any CPU
		{BDAB8AA6-20BB-4658-9682-A65D6A5DB293}.Release|Any CPU.Build.0 = Release|Any CPU
		{5009A87B-F88A-485D-81A2-F477CC891FB7}.Debug|Any CPU.ActiveCfg = Debug|Any CPU
		{5009A87B-F88A-485D-81A2-F477CC891FB7}.Debug|Any CPU.Build.0 = Debug|Any CPU
		{5009A87B-F88A-485D-81A2-F477CC891FB7}.Release|Any CPU.ActiveCfg = Release|Any CPU
		{5009A87B-F88A-485D-81A2-F477CC891FB7}.Release|Any CPU.Build.0 = Release|Any CPU
		{7D323543-5E7B-4DF8-A1F4-E9794CDA3B47}.Debug|Any CPU.ActiveCfg = Debug|Any CPU
		{7D323543-5E7B-4DF8-A1F4-E9794CDA3B47}.Debug|Any CPU.Build.0 = Debug|Any CPU
		{7D323543-5E7B-4DF8-A1F4-E9794CDA3B47}.Release|Any CPU.ActiveCfg = Release|Any CPU
		{7D323543-5E7B-4DF8-A1F4-E9794CDA3B47}.Release|Any CPU.Build.0 = Release|Any CPU
		{1F3043C2-1D17-42E6-BB6B-6D4F2EE93892}.Debug|Any CPU.ActiveCfg = Debug|Any CPU
		{1F3043C2-1D17-42E6-BB6B-6D4F2EE93892}.Debug|Any CPU.Build.0 = Debug|Any CPU
		{1F3043C2-1D17-42E6-BB6B-6D4F2EE93892}.Release|Any CPU.ActiveCfg = Release|Any CPU
		{1F3043C2-1D17-42E6-BB6B-6D4F2EE93892}.Release|Any CPU.Build.0 = Release|Any CPU
	EndGlobalSection
EndGlobal
